// !$*UTF8*$!
{
	archiveVersion = 1;
	classes = {
	};
	objectVersion = 48;
	objects = {

/* Begin PBXBuildFile section */
		9B7A272620B908E900AE3C57 /* AppDelegate.swift in Sources */ = {isa = PBXBuildFile; fileRef = 9B7A272520B908E900AE3C57 /* AppDelegate.swift */; };
		9B7A272D20B908E900AE3C57 /* Assets.xcassets in Resources */ = {isa = PBXBuildFile; fileRef = 9B7A272C20B908E900AE3C57 /* Assets.xcassets */; };
		9B7A273020B908E900AE3C57 /* LaunchScreen.storyboard in Resources */ = {isa = PBXBuildFile; fileRef = 9B7A272E20B908E900AE3C57 /* LaunchScreen.storyboard */; };
		9B7A273B20B908E900AE3C57 /* GameOfThronesTests.swift in Sources */ = {isa = PBXBuildFile; fileRef = 9B7A273A20B908E900AE3C57 /* GameOfThronesTests.swift */; };
		9B7A274620B908E900AE3C57 /* GameOfThronesUITests.swift in Sources */ = {isa = PBXBuildFile; fileRef = 9B7A274520B908E900AE3C57 /* GameOfThronesUITests.swift */; };
		9B7A275820B90A6900AE3C57 /* GOTHouseListCollectionViewController.swift in Sources */ = {isa = PBXBuildFile; fileRef = 9B7A275720B90A6900AE3C57 /* GOTHouseListCollectionViewController.swift */; };
		9B7A275C20B90E4000AE3C57 /* GOTNetworkService.swift in Sources */ = {isa = PBXBuildFile; fileRef = 9B7A275B20B90E4000AE3C57 /* GOTNetworkService.swift */; };
		9B7A275E20B937BD00AE3C57 /* GOTAPINetworkService.swift in Sources */ = {isa = PBXBuildFile; fileRef = 9B7A275D20B937BD00AE3C57 /* GOTAPINetworkService.swift */; };
		9B7A276120B93D3500AE3C57 /* GOTHouseDataModel.swift in Sources */ = {isa = PBXBuildFile; fileRef = 9B7A276020B93D3500AE3C57 /* GOTHouseDataModel.swift */; };
		9B7A276320B93E7C00AE3C57 /* GOTCharacterDataModel.swift in Sources */ = {isa = PBXBuildFile; fileRef = 9B7A276220B93E7C00AE3C57 /* GOTCharacterDataModel.swift */; };
		9B7A276520B9432D00AE3C57 /* GOTDataModelProtocol.swift in Sources */ = {isa = PBXBuildFile; fileRef = 9B7A276420B9432D00AE3C57 /* GOTDataModelProtocol.swift */; };
		9B7A276B20B9448300AE3C57 /* Dictionary+DataModelParser.swift in Sources */ = {isa = PBXBuildFile; fileRef = 9B7A276A20B9448300AE3C57 /* Dictionary+DataModelParser.swift */; };
		9B7A276D20B945C000AE3C57 /* Array+DataModelParser.swift in Sources */ = {isa = PBXBuildFile; fileRef = 9B7A276C20B945C000AE3C57 /* Array+DataModelParser.swift */; };
		9BA5841B20BAF3A50004F35E /* String+Sizing.swift in Sources */ = {isa = PBXBuildFile; fileRef = 9BA5841A20BAF3A50004F35E /* String+Sizing.swift */; };
		9BA5842820BC306B0004F35E /* GOTTextCell.swift in Sources */ = {isa = PBXBuildFile; fileRef = 9BA5842720BC306B0004F35E /* GOTTextCell.swift */; };
		9BA5842A20BC30A20004F35E /* GOTBaseCell.swift in Sources */ = {isa = PBXBuildFile; fileRef = 9BA5842920BC30A20004F35E /* GOTBaseCell.swift */; };
		9BA5842E20BC35760004F35E /* GOTCellDataModelProtocols.swift in Sources */ = {isa = PBXBuildFile; fileRef = 9BA5842D20BC35760004F35E /* GOTCellDataModelProtocols.swift */; };
		9BA5843020BC37EC0004F35E /* GOTHouseDataModel+TextCellProtocol.swift in Sources */ = {isa = PBXBuildFile; fileRef = 9BA5842F20BC37EC0004F35E /* GOTHouseDataModel+TextCellProtocol.swift */; };
		9BA5843220BC3FBC0004F35E /* GOTHouseCollectionViewController.swift in Sources */ = {isa = PBXBuildFile; fileRef = 9BA5843120BC3FBC0004F35E /* GOTHouseCollectionViewController.swift */; };
		9BA5843420BC508A0004F35E /* GOTBaseReusableView.swift in Sources */ = {isa = PBXBuildFile; fileRef = 9BA5843320BC508A0004F35E /* GOTBaseReusableView.swift */; };
		9BA5843620BC509E0004F35E /* GOTTextReusableView.swift in Sources */ = {isa = PBXBuildFile; fileRef = 9BA5843520BC509E0004F35E /* GOTTextReusableView.swift */; };
		9BFE752E20BE1D9300F2F4A3 /* GOTURL.swift in Sources */ = {isa = PBXBuildFile; fileRef = 9BFE752D20BE1D9300F2F4A3 /* GOTURL.swift */; };
/* End PBXBuildFile section */

/* Begin PBXContainerItemProxy section */
		9B7A273720B908E900AE3C57 /* PBXContainerItemProxy */ = {
			isa = PBXContainerItemProxy;
			containerPortal = 9B7A271A20B908E900AE3C57 /* Project object */;
			proxyType = 1;
			remoteGlobalIDString = 9B7A272120B908E900AE3C57;
			remoteInfo = GameOfThrones;
		};
		9B7A274220B908E900AE3C57 /* PBXContainerItemProxy */ = {
			isa = PBXContainerItemProxy;
			containerPortal = 9B7A271A20B908E900AE3C57 /* Project object */;
			proxyType = 1;
			remoteGlobalIDString = 9B7A272120B908E900AE3C57;
			remoteInfo = GameOfThrones;
		};
/* End PBXContainerItemProxy section */

/* Begin PBXFileReference section */
		9B7A272220B908E900AE3C57 /* GameOfThrones.app */ = {isa = PBXFileReference; explicitFileType = wrapper.application; includeInIndex = 0; path = GameOfThrones.app; sourceTree = BUILT_PRODUCTS_DIR; };
		9B7A272520B908E900AE3C57 /* AppDelegate.swift */ = {isa = PBXFileReference; lastKnownFileType = sourcecode.swift; path = AppDelegate.swift; sourceTree = "<group>"; };
		9B7A272C20B908E900AE3C57 /* Assets.xcassets */ = {isa = PBXFileReference; lastKnownFileType = folder.assetcatalog; path = Assets.xcassets; sourceTree = "<group>"; };
		9B7A272F20B908E900AE3C57 /* Base */ = {isa = PBXFileReference; lastKnownFileType = file.storyboard; name = Base; path = Base.lproj/LaunchScreen.storyboard; sourceTree = "<group>"; };
		9B7A273120B908E900AE3C57 /* Info.plist */ = {isa = PBXFileReference; lastKnownFileType = text.plist.xml; path = Info.plist; sourceTree = "<group>"; };
		9B7A273620B908E900AE3C57 /* GameOfThronesTests.xctest */ = {isa = PBXFileReference; explicitFileType = wrapper.cfbundle; includeInIndex = 0; path = GameOfThronesTests.xctest; sourceTree = BUILT_PRODUCTS_DIR; };
		9B7A273A20B908E900AE3C57 /* GameOfThronesTests.swift */ = {isa = PBXFileReference; lastKnownFileType = sourcecode.swift; path = GameOfThronesTests.swift; sourceTree = "<group>"; };
		9B7A273C20B908E900AE3C57 /* Info.plist */ = {isa = PBXFileReference; lastKnownFileType = text.plist.xml; path = Info.plist; sourceTree = "<group>"; };
		9B7A274120B908E900AE3C57 /* GameOfThronesUITests.xctest */ = {isa = PBXFileReference; explicitFileType = wrapper.cfbundle; includeInIndex = 0; path = GameOfThronesUITests.xctest; sourceTree = BUILT_PRODUCTS_DIR; };
		9B7A274520B908E900AE3C57 /* GameOfThronesUITests.swift */ = {isa = PBXFileReference; lastKnownFileType = sourcecode.swift; path = GameOfThronesUITests.swift; sourceTree = "<group>"; };
		9B7A274720B908E900AE3C57 /* Info.plist */ = {isa = PBXFileReference; lastKnownFileType = text.plist.xml; path = Info.plist; sourceTree = "<group>"; };
		9B7A275720B90A6900AE3C57 /* GOTHouseListCollectionViewController.swift */ = {isa = PBXFileReference; lastKnownFileType = sourcecode.swift; path = GOTHouseListCollectionViewController.swift; sourceTree = "<group>"; };
		9B7A275B20B90E4000AE3C57 /* GOTNetworkService.swift */ = {isa = PBXFileReference; lastKnownFileType = sourcecode.swift; path = GOTNetworkService.swift; sourceTree = "<group>"; };
		9B7A275D20B937BD00AE3C57 /* GOTAPINetworkService.swift */ = {isa = PBXFileReference; lastKnownFileType = sourcecode.swift; path = GOTAPINetworkService.swift; sourceTree = "<group>"; };
		9B7A276020B93D3500AE3C57 /* GOTHouseDataModel.swift */ = {isa = PBXFileReference; lastKnownFileType = sourcecode.swift; path = GOTHouseDataModel.swift; sourceTree = "<group>"; };
		9B7A276220B93E7C00AE3C57 /* GOTCharacterDataModel.swift */ = {isa = PBXFileReference; lastKnownFileType = sourcecode.swift; path = GOTCharacterDataModel.swift; sourceTree = "<group>"; };
		9B7A276420B9432D00AE3C57 /* GOTDataModelProtocol.swift */ = {isa = PBXFileReference; lastKnownFileType = sourcecode.swift; path = GOTDataModelProtocol.swift; sourceTree = "<group>"; };
		9B7A276A20B9448300AE3C57 /* Dictionary+DataModelParser.swift */ = {isa = PBXFileReference; lastKnownFileType = sourcecode.swift; path = "Dictionary+DataModelParser.swift"; sourceTree = "<group>"; };
		9B7A276C20B945C000AE3C57 /* Array+DataModelParser.swift */ = {isa = PBXFileReference; lastKnownFileType = sourcecode.swift; path = "Array+DataModelParser.swift"; sourceTree = "<group>"; };
		9BA5841A20BAF3A50004F35E /* String+Sizing.swift */ = {isa = PBXFileReference; lastKnownFileType = sourcecode.swift; path = "String+Sizing.swift"; sourceTree = "<group>"; };
		9BA5842720BC306B0004F35E /* GOTTextCell.swift */ = {isa = PBXFileReference; lastKnownFileType = sourcecode.swift; path = GOTTextCell.swift; sourceTree = "<group>"; };
		9BA5842920BC30A20004F35E /* GOTBaseCell.swift */ = {isa = PBXFileReference; lastKnownFileType = sourcecode.swift; path = GOTBaseCell.swift; sourceTree = "<group>"; };
		9BA5842D20BC35760004F35E /* GOTCellDataModelProtocols.swift */ = {isa = PBXFileReference; lastKnownFileType = sourcecode.swift; path = GOTCellDataModelProtocols.swift; sourceTree = "<group>"; };
		9BA5842F20BC37EC0004F35E /* GOTHouseDataModel+TextCellProtocol.swift */ = {isa = PBXFileReference; lastKnownFileType = sourcecode.swift; path = "GOTHouseDataModel+TextCellProtocol.swift"; sourceTree = "<group>"; };
		9BA5843120BC3FBC0004F35E /* GOTHouseCollectionViewController.swift */ = {isa = PBXFileReference; lastKnownFileType = sourcecode.swift; path = GOTHouseCollectionViewController.swift; sourceTree = "<group>"; };
		9BA5843320BC508A0004F35E /* GOTBaseReusableView.swift */ = {isa = PBXFileReference; lastKnownFileType = sourcecode.swift; path = GOTBaseReusableView.swift; sourceTree = "<group>"; };
		9BA5843520BC509E0004F35E /* GOTTextReusableView.swift */ = {isa = PBXFileReference; lastKnownFileType = sourcecode.swift; path = GOTTextReusableView.swift; sourceTree = "<group>"; };
		9BFE752D20BE1D9300F2F4A3 /* GOTURL.swift */ = {isa = PBXFileReference; lastKnownFileType = sourcecode.swift; path = GOTURL.swift; sourceTree = "<group>"; };
/* End PBXFileReference section */

/* Begin PBXFrameworksBuildPhase section */
		9B7A271F20B908E900AE3C57 /* Frameworks */ = {
			isa = PBXFrameworksBuildPhase;
			buildActionMask = 2147483647;
			files = (
			);
			runOnlyForDeploymentPostprocessing = 0;
		};
		9B7A273320B908E900AE3C57 /* Frameworks */ = {
			isa = PBXFrameworksBuildPhase;
			buildActionMask = 2147483647;
			files = (
			);
			runOnlyForDeploymentPostprocessing = 0;
		};
		9B7A273E20B908E900AE3C57 /* Frameworks */ = {
			isa = PBXFrameworksBuildPhase;
			buildActionMask = 2147483647;
			files = (
			);
			runOnlyForDeploymentPostprocessing = 0;
		};
/* End PBXFrameworksBuildPhase section */

/* Begin PBXGroup section */
		9B7A271920B908E900AE3C57 = {
			isa = PBXGroup;
			children = (
				9B7A272420B908E900AE3C57 /* GameOfThrones */,
				9B7A273920B908E900AE3C57 /* GameOfThronesTests */,
				9B7A274420B908E900AE3C57 /* GameOfThronesUITests */,
				9B7A272320B908E900AE3C57 /* Products */,
			);
			sourceTree = "<group>";
		};
		9B7A272320B908E900AE3C57 /* Products */ = {
			isa = PBXGroup;
			children = (
				9B7A272220B908E900AE3C57 /* GameOfThrones.app */,
				9B7A273620B908E900AE3C57 /* GameOfThronesTests.xctest */,
				9B7A274120B908E900AE3C57 /* GameOfThronesUITests.xctest */,
			);
			name = Products;
			sourceTree = "<group>";
		};
		9B7A272420B908E900AE3C57 /* GameOfThrones */ = {
			isa = PBXGroup;
			children = (
				9B7A275320B909A200AE3C57 /* Controllers */,
				9B7A275620B909BD00AE3C57 /* Models */,
				9B7A275420B909AD00AE3C57 /* Services */,
				9B7A275F20B93C5600AE3C57 /* Utils */,
				9B7A275520B909B400AE3C57 /* Views */,
				9B7A272520B908E900AE3C57 /* AppDelegate.swift */,
				9B7A272C20B908E900AE3C57 /* Assets.xcassets */,
				9B7A272E20B908E900AE3C57 /* LaunchScreen.storyboard */,
				9B7A273120B908E900AE3C57 /* Info.plist */,
			);
			path = GameOfThrones;
			sourceTree = "<group>";
		};
		9B7A273920B908E900AE3C57 /* GameOfThronesTests */ = {
			isa = PBXGroup;
			children = (
				9B7A273A20B908E900AE3C57 /* GameOfThronesTests.swift */,
				9B7A273C20B908E900AE3C57 /* Info.plist */,
			);
			path = GameOfThronesTests;
			sourceTree = "<group>";
		};
		9B7A274420B908E900AE3C57 /* GameOfThronesUITests */ = {
			isa = PBXGroup;
			children = (
				9B7A274520B908E900AE3C57 /* GameOfThronesUITests.swift */,
				9B7A274720B908E900AE3C57 /* Info.plist */,
			);
			path = GameOfThronesUITests;
			sourceTree = "<group>";
		};
		9B7A275320B909A200AE3C57 /* Controllers */ = {
			isa = PBXGroup;
			children = (
				9BA5843120BC3FBC0004F35E /* GOTHouseCollectionViewController.swift */,
				9B7A275720B90A6900AE3C57 /* GOTHouseListCollectionViewController.swift */,
			);
			path = Controllers;
			sourceTree = "<group>";
		};
		9B7A275420B909AD00AE3C57 /* Services */ = {
			isa = PBXGroup;
			children = (
				9B7A275D20B937BD00AE3C57 /* GOTAPINetworkService.swift */,
				9B7A275B20B90E4000AE3C57 /* GOTNetworkService.swift */,
			);
			path = Services;
			sourceTree = "<group>";
		};
		9B7A275520B909B400AE3C57 /* Views */ = {
			isa = PBXGroup;
			children = (
				9BA5842920BC30A20004F35E /* GOTBaseCell.swift */,
				9BA5843320BC508A0004F35E /* GOTBaseReusableView.swift */,
				9BA5842D20BC35760004F35E /* GOTCellDataModelProtocols.swift */,
				9BA5842720BC306B0004F35E /* GOTTextCell.swift */,
				9BA5843520BC509E0004F35E /* GOTTextReusableView.swift */,
			);
			path = Views;
			sourceTree = "<group>";
		};
		9B7A275620B909BD00AE3C57 /* Models */ = {
			isa = PBXGroup;
			children = (
				9B7A276220B93E7C00AE3C57 /* GOTCharacterDataModel.swift */,
				9B7A276420B9432D00AE3C57 /* GOTDataModelProtocol.swift */,
				9B7A276020B93D3500AE3C57 /* GOTHouseDataModel.swift */,
				9BA5842F20BC37EC0004F35E /* GOTHouseDataModel+TextCellProtocol.swift */,
				9BFE752D20BE1D9300F2F4A3 /* GOTURL.swift */,
			);
			path = Models;
			sourceTree = "<group>";
		};
		9B7A275F20B93C5600AE3C57 /* Utils */ = {
			isa = PBXGroup;
			children = (
				9B7A276C20B945C000AE3C57 /* Array+DataModelParser.swift */,
				9B7A276A20B9448300AE3C57 /* Dictionary+DataModelParser.swift */,
				9BA5841A20BAF3A50004F35E /* String+Sizing.swift */,
			);
			path = Utils;
			sourceTree = "<group>";
		};
/* End PBXGroup section */

/* Begin PBXNativeTarget section */
		9B7A272120B908E900AE3C57 /* GameOfThrones */ = {
			isa = PBXNativeTarget;
			buildConfigurationList = 9B7A274A20B908E900AE3C57 /* Build configuration list for PBXNativeTarget "GameOfThrones" */;
			buildPhases = (
				9B7A271E20B908E900AE3C57 /* Sources */,
				9B7A271F20B908E900AE3C57 /* Frameworks */,
				9B7A272020B908E900AE3C57 /* Resources */,
			);
			buildRules = (
			);
			dependencies = (
			);
			name = GameOfThrones;
			productName = GameOfThrones;
			productReference = 9B7A272220B908E900AE3C57 /* GameOfThrones.app */;
			productType = "com.apple.product-type.application";
		};
		9B7A273520B908E900AE3C57 /* GameOfThronesTests */ = {
			isa = PBXNativeTarget;
			buildConfigurationList = 9B7A274D20B908E900AE3C57 /* Build configuration list for PBXNativeTarget "GameOfThronesTests" */;
			buildPhases = (
				9B7A273220B908E900AE3C57 /* Sources */,
				9B7A273320B908E900AE3C57 /* Frameworks */,
				9B7A273420B908E900AE3C57 /* Resources */,
			);
			buildRules = (
			);
			dependencies = (
				9B7A273820B908E900AE3C57 /* PBXTargetDependency */,
			);
			name = GameOfThronesTests;
			productName = GameOfThronesTests;
			productReference = 9B7A273620B908E900AE3C57 /* GameOfThronesTests.xctest */;
			productType = "com.apple.product-type.bundle.unit-test";
		};
		9B7A274020B908E900AE3C57 /* GameOfThronesUITests */ = {
			isa = PBXNativeTarget;
			buildConfigurationList = 9B7A275020B908E900AE3C57 /* Build configuration list for PBXNativeTarget "GameOfThronesUITests" */;
			buildPhases = (
				9B7A273D20B908E900AE3C57 /* Sources */,
				9B7A273E20B908E900AE3C57 /* Frameworks */,
				9B7A273F20B908E900AE3C57 /* Resources */,
			);
			buildRules = (
			);
			dependencies = (
				9B7A274320B908E900AE3C57 /* PBXTargetDependency */,
			);
			name = GameOfThronesUITests;
			productName = GameOfThronesUITests;
			productReference = 9B7A274120B908E900AE3C57 /* GameOfThronesUITests.xctest */;
			productType = "com.apple.product-type.bundle.ui-testing";
		};
/* End PBXNativeTarget section */

/* Begin PBXProject section */
		9B7A271A20B908E900AE3C57 /* Project object */ = {
			isa = PBXProject;
			attributes = {
				LastSwiftUpdateCheck = 0920;
				LastUpgradeCheck = 0920;
				ORGANIZATIONNAME = nuts;
				TargetAttributes = {
					9B7A272120B908E900AE3C57 = {
						CreatedOnToolsVersion = 9.2;
						ProvisioningStyle = Automatic;
					};
					9B7A273520B908E900AE3C57 = {
						CreatedOnToolsVersion = 9.2;
						ProvisioningStyle = Automatic;
						TestTargetID = 9B7A272120B908E900AE3C57;
					};
					9B7A274020B908E900AE3C57 = {
						CreatedOnToolsVersion = 9.2;
						ProvisioningStyle = Automatic;
						TestTargetID = 9B7A272120B908E900AE3C57;
					};
				};
			};
			buildConfigurationList = 9B7A271D20B908E900AE3C57 /* Build configuration list for PBXProject "GameOfThrones" */;
			compatibilityVersion = "Xcode 8.0";
			developmentRegion = en;
			hasScannedForEncodings = 0;
			knownRegions = (
				en,
				Base,
			);
			mainGroup = 9B7A271920B908E900AE3C57;
			productRefGroup = 9B7A272320B908E900AE3C57 /* Products */;
			projectDirPath = "";
			projectRoot = "";
			targets = (
				9B7A272120B908E900AE3C57 /* GameOfThrones */,
				9B7A273520B908E900AE3C57 /* GameOfThronesTests */,
				9B7A274020B908E900AE3C57 /* GameOfThronesUITests */,
			);
		};
/* End PBXProject section */

/* Begin PBXResourcesBuildPhase section */
		9B7A272020B908E900AE3C57 /* Resources */ = {
			isa = PBXResourcesBuildPhase;
			buildActionMask = 2147483647;
			files = (
				9B7A273020B908E900AE3C57 /* LaunchScreen.storyboard in Resources */,
				9B7A272D20B908E900AE3C57 /* Assets.xcassets in Resources */,
			);
			runOnlyForDeploymentPostprocessing = 0;
		};
		9B7A273420B908E900AE3C57 /* Resources */ = {
			isa = PBXResourcesBuildPhase;
			buildActionMask = 2147483647;
			files = (
			);
			runOnlyForDeploymentPostprocessing = 0;
		};
		9B7A273F20B908E900AE3C57 /* Resources */ = {
			isa = PBXResourcesBuildPhase;
			buildActionMask = 2147483647;
			files = (
			);
			runOnlyForDeploymentPostprocessing = 0;
		};
/* End PBXResourcesBuildPhase section */

/* Begin PBXSourcesBuildPhase section */
		9B7A271E20B908E900AE3C57 /* Sources */ = {
			isa = PBXSourcesBuildPhase;
			buildActionMask = 2147483647;
			files = (
				9B7A276120B93D3500AE3C57 /* GOTHouseDataModel.swift in Sources */,
				9BA5842A20BC30A20004F35E /* GOTBaseCell.swift in Sources */,
				9BA5842E20BC35760004F35E /* GOTCellDataModelProtocols.swift in Sources */,
				9B7A275E20B937BD00AE3C57 /* GOTAPINetworkService.swift in Sources */,
				9BFE752E20BE1D9300F2F4A3 /* GOTURL.swift in Sources */,
				9B7A272620B908E900AE3C57 /* AppDelegate.swift in Sources */,
				9B7A276B20B9448300AE3C57 /* Dictionary+DataModelParser.swift in Sources */,
				9BA5843020BC37EC0004F35E /* GOTHouseDataModel+TextCellProtocol.swift in Sources */,
				9BA5843420BC508A0004F35E /* GOTBaseReusableView.swift in Sources */,
				9B7A276520B9432D00AE3C57 /* GOTDataModelProtocol.swift in Sources */,
				9BA5843620BC509E0004F35E /* GOTTextReusableView.swift in Sources */,
				9BA5842820BC306B0004F35E /* GOTTextCell.swift in Sources */,
				9B7A275C20B90E4000AE3C57 /* GOTNetworkService.swift in Sources */,
				9B7A276320B93E7C00AE3C57 /* GOTCharacterDataModel.swift in Sources */,
				9B7A276D20B945C000AE3C57 /* Array+DataModelParser.swift in Sources */,
				9BA5841B20BAF3A50004F35E /* String+Sizing.swift in Sources */,
				9B7A275820B90A6900AE3C57 /* GOTHouseListCollectionViewController.swift in Sources */,
				9BA5843220BC3FBC0004F35E /* GOTHouseCollectionViewController.swift in Sources */,
			);
			runOnlyForDeploymentPostprocessing = 0;
		};
		9B7A273220B908E900AE3C57 /* Sources */ = {
			isa = PBXSourcesBuildPhase;
			buildActionMask = 2147483647;
			files = (
				9B7A273B20B908E900AE3C57 /* GameOfThronesTests.swift in Sources */,
			);
			runOnlyForDeploymentPostprocessing = 0;
		};
		9B7A273D20B908E900AE3C57 /* Sources */ = {
			isa = PBXSourcesBuildPhase;
			buildActionMask = 2147483647;
			files = (
				9B7A274620B908E900AE3C57 /* GameOfThronesUITests.swift in Sources */,
			);
			runOnlyForDeploymentPostprocessing = 0;
		};
/* End PBXSourcesBuildPhase section */

/* Begin PBXTargetDependency section */
		9B7A273820B908E900AE3C57 /* PBXTargetDependency */ = {
			isa = PBXTargetDependency;
			target = 9B7A272120B908E900AE3C57 /* GameOfThrones */;
			targetProxy = 9B7A273720B908E900AE3C57 /* PBXContainerItemProxy */;
		};
		9B7A274320B908E900AE3C57 /* PBXTargetDependency */ = {
			isa = PBXTargetDependency;
			target = 9B7A272120B908E900AE3C57 /* GameOfThrones */;
			targetProxy = 9B7A274220B908E900AE3C57 /* PBXContainerItemProxy */;
		};
/* End PBXTargetDependency section */

/* Begin PBXVariantGroup section */
		9B7A272E20B908E900AE3C57 /* LaunchScreen.storyboard */ = {
			isa = PBXVariantGroup;
			children = (
				9B7A272F20B908E900AE3C57 /* Base */,
			);
			name = LaunchScreen.storyboard;
			sourceTree = "<group>";
		};
/* End PBXVariantGroup section */

/* Begin XCBuildConfiguration section */
		9B7A274820B908E900AE3C57 /* Debug */ = {
			isa = XCBuildConfiguration;
			buildSettings = {
				ALWAYS_SEARCH_USER_PATHS = NO;
				CLANG_ANALYZER_NONNULL = YES;
				CLANG_ANALYZER_NUMBER_OBJECT_CONVERSION = YES_AGGRESSIVE;
				CLANG_CXX_LANGUAGE_STANDARD = "gnu++14";
				CLANG_CXX_LIBRARY = "libc++";
				CLANG_ENABLE_MODULES = YES;
				CLANG_ENABLE_OBJC_ARC = YES;
				CLANG_WARN_BLOCK_CAPTURE_AUTORELEASING = YES;
				CLANG_WARN_BOOL_CONVERSION = YES;
				CLANG_WARN_COMMA = YES;
				CLANG_WARN_CONSTANT_CONVERSION = YES;
				CLANG_WARN_DIRECT_OBJC_ISA_USAGE = YES_ERROR;
				CLANG_WARN_DOCUMENTATION_COMMENTS = YES;
				CLANG_WARN_EMPTY_BODY = YES;
				CLANG_WARN_ENUM_CONVERSION = YES;
				CLANG_WARN_INFINITE_RECURSION = YES;
				CLANG_WARN_INT_CONVERSION = YES;
				CLANG_WARN_NON_LITERAL_NULL_CONVERSION = YES;
				CLANG_WARN_OBJC_LITERAL_CONVERSION = YES;
				CLANG_WARN_OBJC_ROOT_CLASS = YES_ERROR;
				CLANG_WARN_RANGE_LOOP_ANALYSIS = YES;
				CLANG_WARN_STRICT_PROTOTYPES = YES;
				CLANG_WARN_SUSPICIOUS_MOVE = YES;
				CLANG_WARN_UNGUARDED_AVAILABILITY = YES_AGGRESSIVE;
				CLANG_WARN_UNREACHABLE_CODE = YES;
				CLANG_WARN__DUPLICATE_METHOD_MATCH = YES;
				CODE_SIGN_IDENTITY = "iPhone Developer";
				COPY_PHASE_STRIP = NO;
				DEBUG_INFORMATION_FORMAT = dwarf;
				ENABLE_STRICT_OBJC_MSGSEND = YES;
				ENABLE_TESTABILITY = YES;
				GCC_C_LANGUAGE_STANDARD = gnu11;
				GCC_DYNAMIC_NO_PIC = NO;
				GCC_NO_COMMON_BLOCKS = YES;
				GCC_OPTIMIZATION_LEVEL = 0;
				GCC_PREPROCESSOR_DEFINITIONS = (
					"DEBUG=1",
					"$(inherited)",
				);
				GCC_WARN_64_TO_32_BIT_CONVERSION = YES;
				GCC_WARN_ABOUT_RETURN_TYPE = YES_ERROR;
				GCC_WARN_UNDECLARED_SELECTOR = YES;
				GCC_WARN_UNINITIALIZED_AUTOS = YES_AGGRESSIVE;
				GCC_WARN_UNUSED_FUNCTION = YES;
				GCC_WARN_UNUSED_VARIABLE = YES;
				IPHONEOS_DEPLOYMENT_TARGET = 11.0;
				MTL_ENABLE_DEBUG_INFO = YES;
				ONLY_ACTIVE_ARCH = YES;
				SDKROOT = iphoneos;
				SWIFT_ACTIVE_COMPILATION_CONDITIONS = DEBUG;
				SWIFT_OPTIMIZATION_LEVEL = "-Onone";
			};
			name = Debug;
		};
		9B7A274920B908E900AE3C57 /* Release */ = {
			isa = XCBuildConfiguration;
			buildSettings = {
				ALWAYS_SEARCH_USER_PATHS = NO;
				CLANG_ANALYZER_NONNULL = YES;
				CLANG_ANALYZER_NUMBER_OBJECT_CONVERSION = YES_AGGRESSIVE;
				CLANG_CXX_LANGUAGE_STANDARD = "gnu++14";
				CLANG_CXX_LIBRARY = "libc++";
				CLANG_ENABLE_MODULES = YES;
				CLANG_ENABLE_OBJC_ARC = YES;
				CLANG_WARN_BLOCK_CAPTURE_AUTORELEASING = YES;
				CLANG_WARN_BOOL_CONVERSION = YES;
				CLANG_WARN_COMMA = YES;
				CLANG_WARN_CONSTANT_CONVERSION = YES;
				CLANG_WARN_DIRECT_OBJC_ISA_USAGE = YES_ERROR;
				CLANG_WARN_DOCUMENTATION_COMMENTS = YES;
				CLANG_WARN_EMPTY_BODY = YES;
				CLANG_WARN_ENUM_CONVERSION = YES;
				CLANG_WARN_INFINITE_RECURSION = YES;
				CLANG_WARN_INT_CONVERSION = YES;
				CLANG_WARN_NON_LITERAL_NULL_CONVERSION = YES;
				CLANG_WARN_OBJC_LITERAL_CONVERSION = YES;
				CLANG_WARN_OBJC_ROOT_CLASS = YES_ERROR;
				CLANG_WARN_RANGE_LOOP_ANALYSIS = YES;
				CLANG_WARN_STRICT_PROTOTYPES = YES;
				CLANG_WARN_SUSPICIOUS_MOVE = YES;
				CLANG_WARN_UNGUARDED_AVAILABILITY = YES_AGGRESSIVE;
				CLANG_WARN_UNREACHABLE_CODE = YES;
				CLANG_WARN__DUPLICATE_METHOD_MATCH = YES;
				CODE_SIGN_IDENTITY = "iPhone Developer";
				COPY_PHASE_STRIP = NO;
				DEBUG_INFORMATION_FORMAT = "dwarf-with-dsym";
				ENABLE_NS_ASSERTIONS = NO;
				ENABLE_STRICT_OBJC_MSGSEND = YES;
				GCC_C_LANGUAGE_STANDARD = gnu11;
				GCC_NO_COMMON_BLOCKS = YES;
				GCC_WARN_64_TO_32_BIT_CONVERSION = YES;
				GCC_WARN_ABOUT_RETURN_TYPE = YES_ERROR;
				GCC_WARN_UNDECLARED_SELECTOR = YES;
				GCC_WARN_UNINITIALIZED_AUTOS = YES_AGGRESSIVE;
				GCC_WARN_UNUSED_FUNCTION = YES;
				GCC_WARN_UNUSED_VARIABLE = YES;
				IPHONEOS_DEPLOYMENT_TARGET = 11.0;
				MTL_ENABLE_DEBUG_INFO = NO;
				SDKROOT = iphoneos;
				SWIFT_OPTIMIZATION_LEVEL = "-Owholemodule";
				VALIDATE_PRODUCT = YES;
			};
			name = Release;
		};
		9B7A274B20B908E900AE3C57 /* Debug */ = {
			isa = XCBuildConfiguration;
			buildSettings = {
				ASSETCATALOG_COMPILER_APPICON_NAME = AppIcon;
				CODE_SIGN_STYLE = Automatic;
				INFOPLIST_FILE = GameOfThrones/Info.plist;
				LD_RUNPATH_SEARCH_PATHS = "$(inherited) @executable_path/Frameworks";
				PRODUCT_BUNDLE_IDENTIFIER = nuts.GameOfThrones;
				PRODUCT_NAME = "$(TARGET_NAME)";
				SWIFT_VERSION = 4.0;
				TARGETED_DEVICE_FAMILY = "1,2";
			};
			name = Debug;
		};
		9B7A274C20B908E900AE3C57 /* Release */ = {
			isa = XCBuildConfiguration;
			buildSettings = {
				ASSETCATALOG_COMPILER_APPICON_NAME = AppIcon;
				CODE_SIGN_STYLE = Automatic;
				INFOPLIST_FILE = GameOfThrones/Info.plist;
				LD_RUNPATH_SEARCH_PATHS = "$(inherited) @executable_path/Frameworks";
				PRODUCT_BUNDLE_IDENTIFIER = nuts.GameOfThrones;
				PRODUCT_NAME = "$(TARGET_NAME)";
				SWIFT_VERSION = 4.0;
				TARGETED_DEVICE_FAMILY = "1,2";
			};
			name = Release;
		};
		9B7A274E20B908E900AE3C57 /* Debug */ = {
			isa = XCBuildConfiguration;
			buildSettings = {
				ALWAYS_EMBED_SWIFT_STANDARD_LIBRARIES = YES;
				BUNDLE_LOADER = "$(TEST_HOST)";
				CODE_SIGN_STYLE = Automatic;
				INFOPLIST_FILE = GameOfThronesTests/Info.plist;
				LD_RUNPATH_SEARCH_PATHS = "$(inherited) @executable_path/Frameworks @loader_path/Frameworks";
				PRODUCT_BUNDLE_IDENTIFIER = nuts.GameOfThronesTests;
				PRODUCT_NAME = "$(TARGET_NAME)";
				SWIFT_VERSION = 4.0;
				TARGETED_DEVICE_FAMILY = "1,2";
				TEST_HOST = "$(BUILT_PRODUCTS_DIR)/GameOfThrones.app/GameOfThrones";
			};
			name = Debug;
		};
		9B7A274F20B908E900AE3C57 /* Release */ = {
			isa = XCBuildConfiguration;
			buildSettings = {
				ALWAYS_EMBED_SWIFT_STANDARD_LIBRARIES = YES;
				BUNDLE_LOADER = "$(TEST_HOST)";
				CODE_SIGN_STYLE = Automatic;
				INFOPLIST_FILE = GameOfThronesTests/Info.plist;
				LD_RUNPATH_SEARCH_PATHS = "$(inherited) @executable_path/Frameworks @loader_path/Frameworks";
				PRODUCT_BUNDLE_IDENTIFIER = nuts.GameOfThronesTests;
				PRODUCT_NAME = "$(TARGET_NAME)";
				SWIFT_VERSION = 4.0;
				TARGETED_DEVICE_FAMILY = "1,2";
				TEST_HOST = "$(BUILT_PRODUCTS_DIR)/GameOfThrones.app/GameOfThrones";
			};
			name = Release;
		};
		9B7A275120B908E900AE3C57 /* Debug */ = {
			isa = XCBuildConfiguration;
			buildSettings = {
				ALWAYS_EMBED_SWIFT_STANDARD_LIBRARIES = YES;
				CODE_SIGN_STYLE = Automatic;
				INFOPLIST_FILE = GameOfThronesUITests/Info.plist;
				LD_RUNPATH_SEARCH_PATHS = "$(inherited) @executable_path/Frameworks @loader_path/Frameworks";
				PRODUCT_BUNDLE_IDENTIFIER = nuts.GameOfThronesUITests;
				PRODUCT_NAME = "$(TARGET_NAME)";
				SWIFT_VERSION = 4.0;
				TARGETED_DEVICE_FAMILY = "1,2";
				TEST_TARGET_NAME = GameOfThrones;
			};
			name = Debug;
		};
		9B7A275220B908E900AE3C57 /* Release */ = {
			isa = XCBuildConfiguration;
			buildSettings = {
				ALWAYS_EMBED_SWIFT_STANDARD_LIBRARIES = YES;
				CODE_SIGN_STYLE = Automatic;
				INFOPLIST_FILE = GameOfThronesUITests/Info.plist;
				LD_RUNPATH_SEARCH_PATHS = "$(inherited) @executable_path/Frameworks @loader_path/Frameworks";
				PRODUCT_BUNDLE_IDENTIFIER = nuts.GameOfThronesUITests;
				PRODUCT_NAME = "$(TARGET_NAME)";
				SWIFT_VERSION = 4.0;
				TARGETED_DEVICE_FAMILY = "1,2";
				TEST_TARGET_NAME = GameOfThrones;
			};
			name = Release;
		};
/* End XCBuildConfiguration section */

/* Begin XCConfigurationList section */
		9B7A271D20B908E900AE3C57 /* Build configuration list for PBXProject "GameOfThrones" */ = {
			isa = XCConfigurationList;
			buildConfigurations = (
				9B7A274820B908E900AE3C57 /* Debug */,
				9B7A274920B908E900AE3C57 /* Release */,
			);
			defaultConfigurationIsVisible = 0;
			defaultConfigurationName = Release;
		};
		9B7A274A20B908E900AE3C57 /* Build configuration list for PBXNativeTarget "GameOfThrones" */ = {
			isa = XCConfigurationList;
			buildConfigurations = (
				9B7A274B20B908E900AE3C57 /* Debug */,
				9B7A274C20B908E900AE3C57 /* Release */,
			);
			defaultConfigurationIsVisible = 0;
			defaultConfigurationName = Release;
		};
		9B7A274D20B908E900AE3C57 /* Build configuration list for PBXNativeTarget "GameOfThronesTests" */ = {
			isa = XCConfigurationList;
			buildConfigurations = (
				9B7A274E20B908E900AE3C57 /* Debug */,
				9B7A274F20B908E900AE3C57 /* Release */,
			);
			defaultConfigurationIsVisible = 0;
			defaultConfigurationName = Release;
		};
		9B7A275020B908E900AE3C57 /* Build configuration list for PBXNativeTarget "GameOfThronesUITests" */ = {
			isa = XCConfigurationList;
			buildConfigurations = (
				9B7A275120B908E900AE3C57 /* Debug */,
				9B7A275220B908E900AE3C57 /* Release */,
			);
			defaultConfigurationIsVisible = 0;
			defaultConfigurationName = Release;
		};
/* End XCConfigurationList section */
	};
	rootObject = 9B7A271A20B908E900AE3C57 /* Project object */;
}
